{
  "name": "scrapex-spike-opfs-sqlite",
  "version": "0.0.0",
  "lockfileVersion": 3,
  "requires": true,
  "packages": {
    "": {
      "name": "scrapex-spike-opfs-sqlite",
      "version": "0.0.0",
      "dependencies": {
        "@sqlite.org/sqlite-wasm": "3.53.0-build1",
        "wa-sqlite": "1.0.0"
      }
    },
    "node_modules/@sqlite.org/sqlite-wasm": {
      "version": "3.53.0-build1",
      "resolved": "https://registry.npmjs.org/@sqlite.org/sqlite-wasm/-/sqlite-wasm-3.53.0-build1.tgz",
      "integrity": "sha512-PfWPWN2n+/37doa8oh2/oUXk4OOsRYZsxc1W1sDXIGb/Pu5Yrb+f2eyYpgQMGITVX7HVgxhs9P18Rc6I97ym/g==",
      "license": "Apache-2.0",
      "workspaces": [
        "demos/*"
      ],
      "engines": {
        "node": ">=22"
      }
    },
    "node_modules/wa-sqlite": {
      "version": "1.0.0",
      "resolved": "https://registry.npmjs.org/wa-sqlite/-/wa-sqlite-1.0.0.tgz",
      "integrity": "sha512-Kyybo5/BaJp76z7gDWGk2J6Hthl4NIPsE+swgraEjy3IY6r5zIR02wAs1OJH4XtJp1y3puj3Onp5eMGS0z7nUA=="
    }
  }
}
